{
  "name": "lab7_starter_copy",
  "version": "1.0.0",
  "lockfileVersion": 2,
  "requires": true,
  "packages": {
    "": {
      "name": "lab7_starter_copy",
      "version": "1.0.0",
      "license": "ISC",
      "dependencies": {
        "dexie": "^3.0.3",
        "dexie-export-import": "^1.0.3"
      }
    },
    "node_modules/dexie": {
      "version": "3.0.3",
      "resolved": "https://registry.npmjs.org/dexie/-/dexie-3.0.3.tgz",
      "integrity": "sha512-BSFhGpngnCl1DOr+8YNwBDobRMH0ziJs2vts69VilwetHYOtEDcLqo7d/XiIphM0tJZ2rPPyAGd31lgH2Ln3nw==",
      "engines": {
        "node": ">=6.0"
      }
    },
    "node_modules/dexie-export-import": {
      "version": "1.0.3",
      "resolved": "https://registry.npmjs.org/dexie-export-import/-/dexie-export-import-1.0.3.tgz",
      "integrity": "sha512-oun27bUUEaeOfSZ8Cv3Nvj5s0LeANYBYQ7ROpF/3Zg1X/IALUnrX0hk5ZUMlYC3s99kFHimXX57ac5AlOdMzWw==",
      "peerDependencies": {
        "dexie": "^3.0.0 || ^2.0.4"
      }
    }
  },
  "dependencies": {
    "dexie": {
      "version": "3.0.3",
      "resolved": "https://registry.npmjs.org/dexie/-/dexie-3.0.3.tgz",
      "integrity": "sha512-BSFhGpngnCl1DOr+8YNwBDobRMH0ziJs2vts69VilwetHYOtEDcLqo7d/XiIphM0tJZ2rPPyAGd31lgH2Ln3nw=="
    },
    "dexie-export-import": {
      "version": "1.0.3",
      "resolved": "https://registry.npmjs.org/dexie-export-import/-/dexie-export-import-1.0.3.tgz",
      "integrity": "sha512-oun27bUUEaeOfSZ8Cv3Nvj5s0LeANYBYQ7ROpF/3Zg1X/IALUnrX0hk5ZUMlYC3s99kFHimXX57ac5AlOdMzWw==",
      "requires": {}
    }
  }
}
